
Microsoft Visual Studio Solution File, Format Version 12.00
# Visual Studio 15
VisualStudioVersion = 15.0.27428.2015
MinimumVisualStudioVersion = 10.0.40219.1
Project("{FAE04EC0-301F-11D3-BF4B-00C04F79EFBC}") = "01. ReverseString", "01. ReverseString\01. ReverseString.csproj", "{C7A22B72-8E2F-4B9E-A735-FD86C8AA2221}"
EndProject
Project("{FAE04EC0-301F-11D3-BF4B-00C04F79EFBC}") = "02. BracketsCheck", "02. BracketsCheck\02. BracketsCheck.csproj", "{904DD2F5-3257-4822-92FC-F3E4E679FBFE}"
EndProject
Project("{FAE04EC0-301F-11D3-BF4B-00C04F79EFBC}") = "03. SubstringCheck", "03. SubstringCheck\03. SubstringCheck.csproj", "{BEC91956-51F3-460B-8413-105AA7413782}"
EndProject
Project("{FAE04EC0-301F-11D3-BF4B-00C04F79EFBC}") = "04. FillMissingElementsFromString", "04. FillMissingElementsFromString\04. FillMissingElementsFromString.csproj", "{4FC2EC25-1D8D-4526-8FC3-6F501928194E}"
EndProject
Project("{FAE04EC0-301F-11D3-BF4B-00C04F79EFBC}") = "05. SentenceExtractor", "05. SentenceExtractor\05. SentenceExtractor.csproj", "{92EBE33A-D802-4D61-AD55-A19C3E46B77F}"
EndProject
Project("{FAE04EC0-301F-11D3-BF4B-00C04F79EFBC}") = "06. ReverseWords", "06. ReverseWords\06. ReverseWords.csproj", "{1AB464B7-E568-4062-BF76-CC88B0C7A28B}"
EndProject
Project("{FAE04EC0-301F-11D3-BF4B-00C04F79EFBC}") = "07. ExtractPalindromes", "08. ExtractPalindromes\07. ExtractPalindromes.csproj", "{E860EA84-FBCD-4331-9836-0C8009C490A1}"
EndProject
Project("{FAE04EC0-301F-11D3-BF4B-00C04F79EFBC}") = "08. ContainedLetters", "09. ContainedLetters\08. ContainedLetters.csproj", "{4D9265E1-B356-4BC8-AD91-1838AEC51694}"
EndProject
Project("{FAE04EC0-301F-11D3-BF4B-00C04F79EFBC}") = "09. ContainedWords", "10. ContainedWords\09. ContainedWords.csproj", "{E964640F-BDB3-4325-8507-E0DAEEFF0814}"
EndProject
Project("{FAE04EC0-301F-11D3-BF4B-00C04F79EFBC}") = "10. ReplaceIdenticalLetters", "11. ReplaceIdenticalLetters\10. ReplaceIdenticalLetters.csproj", "{D67B5E2B-E0D4-4DF3-ACAC-EBE9BBFEBEC5}"
EndProject
Global
	GlobalSection(SolutionConfigurationPlatforms) = preSolution
		Debug|Any CPU = Debug|Any CPU
		Debug|ARM = Debug|ARM
		Debug|x64 = Debug|x64
		Debug|x86 = Debug|x86
		Release|Any CPU = Release|Any CPU
		Release|ARM = Release|ARM
		Release|x64 = Release|x64
		Release|x86 = Release|x86
	EndGlobalSection
	GlobalSection(ProjectConfigurationPlatforms) = postSolution
		{C7A22B72-8E2F-4B9E-A735-FD86C8AA2221}.Debug|Any CPU.ActiveCfg = Debug|Any CPU
		{C7A22B72-8E2F-4B9E-A735-FD86C8AA2221}.Debug|Any CPU.Build.0 = Debug|Any CPU
		{C7A22B72-8E2F-4B9E-A735-FD86C8AA2221}.Debug|ARM.ActiveCfg = Debug|Any CPU
		{C7A22B72-8E2F-4B9E-A735-FD86C8AA2221}.Debug|x64.ActiveCfg = Debug|Any CPU
		{C7A22B72-8E2F-4B9E-A735-FD86C8AA2221}.Debug|x86.ActiveCfg = Debug|Any CPU
		{C7A22B72-8E2F-4B9E-A735-FD86C8AA2221}.Release|Any CPU.ActiveCfg = Release|Any CPU
		{C7A22B72-8E2F-4B9E-A735-FD86C8AA2221}.Release|Any CPU.Build.0 = Release|Any CPU
		{C7A22B72-8E2F-4B9E-A735-FD86C8AA2221}.Release|ARM.ActiveCfg = Release|Any CPU
		{C7A22B72-8E2F-4B9E-A735-FD86C8AA2221}.Release|x64.ActiveCfg = Release|Any CPU
		{C7A22B72-8E2F-4B9E-A735-FD86C8AA2221}.Release|x86.ActiveCfg = Release|Any CPU
		{904DD2F5-3257-4822-92FC-F3E4E679FBFE}.Debug|Any CPU.ActiveCfg = Debug|Any CPU
		{904DD2F5-3257-4822-92FC-F3E4E679FBFE}.Debug|Any CPU.Build.0 = Debug|Any CPU
		{904DD2F5-3257-4822-92FC-F3E4E679FBFE}.Debug|ARM.ActiveCfg = Debug|Any CPU
		{904DD2F5-3257-4822-92FC-F3E4E679FBFE}.Debug|x64.ActiveCfg = Debug|Any CPU
		{904DD2F5-3257-4822-92FC-F3E4E679FBFE}.Debug|x86.ActiveCfg = Debug|Any CPU
		{904DD2F5-3257-4822-92FC-F3E4E679FBFE}.Release|Any CPU.ActiveCfg = Release|Any CPU
		{904DD2F5-3257-4822-92FC-F3E4E679FBFE}.Release|Any CPU.Build.0 = Release|Any CPU
		{904DD2F5-3257-4822-92FC-F3E4E679FBFE}.Release|ARM.ActiveCfg = Release|Any CPU
		{904DD2F5-3257-4822-92FC-F3E4E679FBFE}.Release|x64.ActiveCfg = Release|Any CPU
		{904DD2F5-3257-4822-92FC-F3E4E679FBFE}.Release|x86.ActiveCfg = Release|Any CPU
		{BEC91956-51F3-460B-8413-105AA7413782}.Debug|Any CPU.ActiveCfg = Debug|Any CPU
		{BEC91956-51F3-460B-8413-105AA7413782}.Debug|Any CPU.Build.0 = Debug|Any CPU
		{BEC91956-51F3-460B-8413-105AA7413782}.Debug|ARM.ActiveCfg = Debug|Any CPU
		{BEC91956-51F3-460B-8413-105AA7413782}.Debug|x64.ActiveCfg = Debug|Any CPU
		{BEC91956-51F3-460B-8413-105AA7413782}.Debug|x86.ActiveCfg = Debug|Any CPU
		{BEC91956-51F3-460B-8413-105AA7413782}.Release|Any CPU.ActiveCfg = Release|Any CPU
		{BEC91956-51F3-460B-8413-105AA7413782}.Release|Any CPU.Build.0 = Release|Any CPU
		{BEC91956-51F3-460B-8413-105AA7413782}.Release|ARM.ActiveCfg = Release|Any CPU
		{BEC91956-51F3-460B-8413-105AA7413782}.Release|x64.ActiveCfg = Release|Any CPU
		{BEC91956-51F3-460B-8413-105AA7413782}.Release|x86.ActiveCfg = Release|Any CPU
		{4FC2EC25-1D8D-4526-8FC3-6F501928194E}.Debug|Any CPU.ActiveCfg = Debug|Any CPU
		{4FC2EC25-1D8D-4526-8FC3-6F501928194E}.Debug|Any CPU.Build.0 = Debug|Any CPU
		{4FC2EC25-1D8D-4526-8FC3-6F501928194E}.Debug|ARM.ActiveCfg = Debug|Any CPU
		{4FC2EC25-1D8D-4526-8FC3-6F501928194E}.Debug|x64.ActiveCfg = Debug|Any CPU
		{4FC2EC25-1D8D-4526-8FC3-6F501928194E}.Debug|x86.ActiveCfg = Debug|Any CPU
		{4FC2EC25-1D8D-4526-8FC3-6F501928194E}.Release|Any CPU.ActiveCfg = Release|Any CPU
		{4FC2EC25-1D8D-4526-8FC3-6F501928194E}.Release|Any CPU.Build.0 = Release|Any CPU
		{4FC2EC25-1D8D-4526-8FC3-6F501928194E}.Release|ARM.ActiveCfg = Release|Any CPU
		{4FC2EC25-1D8D-4526-8FC3-6F501928194E}.Release|x64.ActiveCfg = Release|Any CPU
		{4FC2EC25-1D8D-4526-8FC3-6F501928194E}.Release|x86.ActiveCfg = Release|Any CPU
		{92EBE33A-D802-4D61-AD55-A19C3E46B77F}.Debug|Any CPU.ActiveCfg = Debug|Any CPU
		{92EBE33A-D802-4D61-AD55-A19C3E46B77F}.Debug|Any CPU.Build.0 = Debug|Any CPU
		{92EBE33A-D802-4D61-AD55-A19C3E46B77F}.Debug|ARM.ActiveCfg = Debug|Any CPU
		{92EBE33A-D802-4D61-AD55-A19C3E46B77F}.Debug|x64.ActiveCfg = Debug|Any CPU
		{92EBE33A-D802-4D61-AD55-A19C3E46B77F}.Debug|x86.ActiveCfg = Debug|Any CPU
		{92EBE33A-D802-4D61-AD55-A19C3E46B77F}.Release|Any CPU.ActiveCfg = Release|Any CPU
		{92EBE33A-D802-4D61-AD55-A19C3E46B77F}.Release|Any CPU.Build.0 = Release|Any CPU
		{92EBE33A-D802-4D61-AD55-A19C3E46B77F}.Release|ARM.ActiveCfg = Release|Any CPU
		{92EBE33A-D802-4D61-AD55-A19C3E46B77F}.Release|x64.ActiveCfg = Release|Any CPU
		{92EBE33A-D802-4D61-AD55-A19C3E46B77F}.Release|x86.ActiveCfg = Release|Any CPU
		{1AB464B7-E568-4062-BF76-CC88B0C7A28B}.Debug|Any CPU.ActiveCfg = Debug|Any CPU
		{1AB464B7-E568-4062-BF76-CC88B0C7A28B}.Debug|Any CPU.Build.0 = Debug|Any CPU
		{1AB464B7-E568-4062-BF76-CC88B0C7A28B}.Debug|ARM.ActiveCfg = Debug|Any CPU
		{1AB464B7-E568-4062-BF76-CC88B0C7A28B}.Debug|x64.ActiveCfg = Debug|Any CPU
		{1AB464B7-E568-4062-BF76-CC88B0C7A28B}.Debug|x86.ActiveCfg = Debug|Any CPU
		{1AB464B7-E568-4062-BF76-CC88B0C7A28B}.Release|Any CPU.ActiveCfg = Release|Any CPU
		{1AB464B7-E568-4062-BF76-CC88B0C7A28B}.Release|Any CPU.Build.0 = Release|Any CPU
		{1AB464B7-E568-4062-BF76-CC88B0C7A28B}.Release|ARM.ActiveCfg = Release|Any CPU
		{1AB464B7-E568-4062-BF76-CC88B0C7A28B}.Release|x64.ActiveCfg = Release|Any CPU
		{1AB464B7-E568-4062-BF76-CC88B0C7A28B}.Release|x86.ActiveCfg = Release|Any CPU
		{E860EA84-FBCD-4331-9836-0C8009C490A1}.Debug|Any CPU.ActiveCfg = Debug|Any CPU
		{E860EA84-FBCD-4331-9836-0C8009C490A1}.Debug|Any CPU.Build.0 = Debug|Any CPU
		{E860EA84-FBCD-4331-9836-0C8009C490A1}.Debug|ARM.ActiveCfg = Debug|Any CPU
		{E860EA84-FBCD-4331-9836-0C8009C490A1}.Debug|x64.ActiveCfg = Debug|Any CPU
		{E860EA84-FBCD-4331-9836-0C8009C490A1}.Debug|x86.ActiveCfg = Debug|Any CPU
		{E860EA84-FBCD-4331-9836-0C8009C490A1}.Release|Any CPU.ActiveCfg = Release|Any CPU
		{E860EA84-FBCD-4331-9836-0C8009C490A1}.Release|Any CPU.Build.0 = Release|Any CPU
		{E860EA84-FBCD-4331-9836-0C8009C490A1}.Release|ARM.ActiveCfg = Release|Any CPU
		{E860EA84-FBCD-4331-9836-0C8009C490A1}.Release|x64.ActiveCfg = Release|Any CPU
		{E860EA84-FBCD-4331-9836-0C8009C490A1}.Release|x86.ActiveCfg = Release|Any CPU
		{4D9265E1-B356-4BC8-AD91-1838AEC51694}.Debug|Any CPU.ActiveCfg = Debug|Any CPU
		{4D9265E1-B356-4BC8-AD91-1838AEC51694}.Debug|Any CPU.Build.0 = Debug|Any CPU
		{4D9265E1-B356-4BC8-AD91-1838AEC51694}.Debug|ARM.ActiveCfg = Debug|Any CPU
		{4D9265E1-B356-4BC8-AD91-1838AEC51694}.Debug|x64.ActiveCfg = Debug|Any CPU
		{4D9265E1-B356-4BC8-AD91-1838AEC51694}.Debug|x86.ActiveCfg = Debug|Any CPU
		{4D9265E1-B356-4BC8-AD91-1838AEC51694}.Release|Any CPU.ActiveCfg = Release|Any CPU
		{4D9265E1-B356-4BC8-AD91-1838AEC51694}.Release|Any CPU.Build.0 = Release|Any CPU
		{4D9265E1-B356-4BC8-AD91-1838AEC51694}.Release|ARM.ActiveCfg = Release|Any CPU
		{4D9265E1-B356-4BC8-AD91-1838AEC51694}.Release|x64.ActiveCfg = Release|Any CPU
		{4D9265E1-B356-4BC8-AD91-1838AEC51694}.Release|x86.ActiveCfg = Release|Any CPU
		{E964640F-BDB3-4325-8507-E0DAEEFF0814}.Debug|Any CPU.ActiveCfg = Debug|Any CPU
		{E964640F-BDB3-4325-8507-E0DAEEFF0814}.Debug|Any CPU.Build.0 = Debug|Any CPU
		{E964640F-BDB3-4325-8507-E0DAEEFF0814}.Debug|ARM.ActiveCfg = Debug|Any CPU
		{E964640F-BDB3-4325-8507-E0DAEEFF0814}.Debug|x64.ActiveCfg = Debug|Any CPU
		{E964640F-BDB3-4325-8507-E0DAEEFF0814}.Debug|x86.ActiveCfg = Debug|Any CPU
		{E964640F-BDB3-4325-8507-E0DAEEFF0814}.Release|Any CPU.ActiveCfg = Release|Any CPU
		{E964640F-BDB3-4325-8507-E0DAEEFF0814}.Release|Any CPU.Build.0 = Release|Any CPU
		{E964640F-BDB3-4325-8507-E0DAEEFF0814}.Release|ARM.ActiveCfg = Release|Any CPU
		{E964640F-BDB3-4325-8507-E0DAEEFF0814}.Release|x64.ActiveCfg = Release|Any CPU
		{E964640F-BDB3-4325-8507-E0DAEEFF0814}.Release|x86.ActiveCfg = Release|Any CPU
		{D67B5E2B-E0D4-4DF3-ACAC-EBE9BBFEBEC5}.Debug|Any CPU.ActiveCfg = Debug|Any CPU
		{D67B5E2B-E0D4-4DF3-ACAC-EBE9BBFEBEC5}.Debug|Any CPU.Build.0 = Debug|Any CPU
		{D67B5E2B-E0D4-4DF3-ACAC-EBE9BBFEBEC5}.Debug|ARM.ActiveCfg = Debug|Any CPU
		{D67B5E2B-E0D4-4DF3-ACAC-EBE9BBFEBEC5}.Debug|x64.ActiveCfg = Debug|Any CPU
		{D67B5E2B-E0D4-4DF3-ACAC-EBE9BBFEBEC5}.Debug|x86.ActiveCfg = Debug|Any CPU
		{D67B5E2B-E0D4-4DF3-ACAC-EBE9BBFEBEC5}.Release|Any CPU.ActiveCfg = Release|Any CPU
		{D67B5E2B-E0D4-4DF3-ACAC-EBE9BBFEBEC5}.Release|Any CPU.Build.0 = Release|Any CPU
		{D67B5E2B-E0D4-4DF3-ACAC-EBE9BBFEBEC5}.Release|ARM.ActiveCfg = Release|Any CPU
		{D67B5E2B-E0D4-4DF3-ACAC-EBE9BBFEBEC5}.Release|x64.ActiveCfg = Release|Any CPU
		{D67B5E2B-E0D4-4DF3-ACAC-EBE9BBFEBEC5}.Release|x86.ActiveCfg = Release|Any CPU
	EndGlobalSection
	GlobalSection(SolutionProperties) = preSolution
		HideSolutionNode = FALSE
	EndGlobalSection
	GlobalSection(ExtensibilityGlobals) = postSolution
		SolutionGuid = {EA718310-358F-4C79-8063-15E95DA3B702}
	EndGlobalSection
EndGlobal
